// !$*UTF8*$!
{
	archiveVersion = 1;
	classes = {
	};
	objectVersion = 50;
	objects = {

/* Begin PBXBuildFile section */
		FD8D85552578E8C8009D5DD9 /* AppDelegate.swift in Sources */ = {isa = PBXBuildFile; fileRef = FD8D85542578E8C8009D5DD9 /* AppDelegate.swift */; };
		FD8D85592578E8C8009D5DD9 /* ViewController.swift in Sources */ = {isa = PBXBuildFile; fileRef = FD8D85582578E8C8009D5DD9 /* ViewController.swift */; };
		FD8D855C2578E8C8009D5DD9 /* Main.storyboard in Resources */ = {isa = PBXBuildFile; fileRef = FD8D855A2578E8C8009D5DD9 /* Main.storyboard */; };
		FD8D855E2578E8CB009D5DD9 /* Assets.xcassets in Resources */ = {isa = PBXBuildFile; fileRef = FD8D855D2578E8CB009D5DD9 /* Assets.xcassets */; };
		FD8D85612578E8CB009D5DD9 /* LaunchScreen.storyboard in Resources */ = {isa = PBXBuildFile; fileRef = FD8D855F2578E8CB009D5DD9 /* LaunchScreen.storyboard */; };
		FD8D856A2578E90E009D5DD9 /* CodeScannerViewController.swift in Sources */ = {isa = PBXBuildFile; fileRef = FD8D85692578E90E009D5DD9 /* CodeScannerViewController.swift */; };
/* End PBXBuildFile section */

/* Begin PBXFileReference section */
		FD8D85512578E8C8009D5DD9 /* CodeScannerExample.app */ = {isa = PBXFileReference; explicitFileType = wrapper.application; includeInIndex = 0; path = CodeScannerExample.app; sourceTree = BUILT_PRODUCTS_DIR; };
		FD8D85542578E8C8009D5DD9 /* AppDelegate.swift */ = {isa = PBXFileReference; lastKnownFileType = sourcecode.swift; path = AppDelegate.swift; sourceTree = "<group>"; };
		FD8D85582578E8C8009D5DD9 /* ViewController.swift */ = {isa = PBXFileReference; lastKnownFileType = sourcecode.swift; path = ViewController.swift; sourceTree = "<group>"; };
		FD8D855B2578E8C8009D5DD9 /* Base */ = {isa = PBXFileReference; lastKnownFileType = file.storyboard; name = Base; path = Base.lproj/Main.storyboard; sourceTree = "<group>"; };
		FD8D855D2578E8CB009D5DD9 /* Assets.xcassets */ = {isa = PBXFileReference; lastKnownFileType = folder.assetcatalog; path = Assets.xcassets; sourceTree = "<group>"; };
		FD8D85602578E8CB009D5DD9 /* Base */ = {isa = PBXFileReference; lastKnownFileType = file.storyboard; name = Base; path = Base.lproj/LaunchScreen.storyboard; sourceTree = "<group>"; };
		FD8D85622578E8CB009D5DD9 /* Info.plist */ = {isa = PBXFileReference; lastKnownFileType = text.plist.xml; path = Info.plist; sourceTree = "<group>"; };
		FD8D85692578E90E009D5DD9 /* CodeScannerViewController.swift */ = {isa = PBXFileReference; fileEncoding = 4; lastKnownFileType = sourcecode.swift; name = CodeScannerViewController.swift; path = ../../../Source/CodeScannerViewController.swift; sourceTree = "<group>"; };
/* End PBXFileReference section */

/* Begin PBXFrameworksBuildPhase section */
		FD8D854E2578E8C8009D5DD9 /* Frameworks */ = {
			isa = PBXFrameworksBuildPhase;
			buildActionMask = 2147483647;
			files = (
			);
			runOnlyForDeploymentPostprocessing = 0;
		};
/* End PBXFrameworksBuildPhase section */

/* Begin PBXGroup section */
		FD8D85482578E8C8009D5DD9 = {
			isa = PBXGroup;
			children = (
				FD8D85532578E8C8009D5DD9 /* CodeScannerExample */,
				FD8D85522578E8C8009D5DD9 /* Products */,
			);
			sourceTree = "<group>";
		};
		FD8D85522578E8C8009D5DD9 /* Products */ = {
			isa = PBXGroup;
			children = (
				FD8D85512578E8C8009D5DD9 /* CodeScannerExample.app */,
			);
			name = Products;
			sourceTree = "<group>";
		};
		FD8D85532578E8C8009D5DD9 /* CodeScannerExample */ = {
			isa = PBXGroup;
			children = (
				FD8D85682578E8D2009D5DD9 /* General */,
				FD8D85582578E8C8009D5DD9 /* ViewController.swift */,
				FD8D85692578E90E009D5DD9 /* CodeScannerViewController.swift */,
				FD8D85622578E8CB009D5DD9 /* Info.plist */,
			);
			path = CodeScannerExample;
			sourceTree = "<group>";
		};
		FD8D85682578E8D2009D5DD9 /* General */ = {
			isa = PBXGroup;
			children = (
				FD8D85542578E8C8009D5DD9 /* AppDelegate.swift */,
				FD8D855A2578E8C8009D5DD9 /* Main.storyboard */,
				FD8D855D2578E8CB009D5DD9 /* Assets.xcassets */,
				FD8D855F2578E8CB009D5DD9 /* LaunchScreen.storyboard */,
			);
			path = General;
			sourceTree = "<group>";
		};
/* End PBXGroup section */

/* Begin PBXNativeTarget section */
		FD8D85502578E8C8009D5DD9 /* CodeScannerExample */ = {
			isa = PBXNativeTarget;
			buildConfigurationList = FD8D85652578E8CB009D5DD9 /* Build configuration list for PBXNativeTarget "CodeScannerExample" */;
			buildPhases = (
				FD8D854D2578E8C8009D5DD9 /* Sources */,
				FD8D854E2578E8C8009D5DD9 /* Frameworks */,
				FD8D854F2578E8C8009D5DD9 /* Resources */,
			);
			buildRules = (
			);
			dependencies = (
			);
			name = CodeScannerExample;
			productName = CodeScannerExample;
			productReference = FD8D85512578E8C8009D5DD9 /* CodeScannerExample.app */;
			productType = "com.apple.product-type.application";
		};
/* End PBXNativeTarget section */

/* Begin PBXProject section */
		FD8D85492578E8C8009D5DD9 /* Project object */ = {
			isa = PBXProject;
			attributes = {
				LastSwiftUpdateCheck = 1150;
				LastUpgradeCheck = 1150;
				ORGANIZATIONNAME = "Volkov Alexander";
				TargetAttributes = {
					FD8D85502578E8C8009D5DD9 = {
						CreatedOnToolsVersion = 11.5;
					};
				};
			};
			buildConfigurationList = FD8D854C2578E8C8009D5DD9 /* Build configuration list for PBXProject "CodeScannerExample" */;
			compatibilityVersion = "Xcode 9.3";
			developmentRegion = en;
			hasScannedForEncodings = 0;
			knownRegions = (
				en,
				Base,
			);
			mainGroup = FD8D85482578E8C8009D5DD9;
			productRefGroup = FD8D85522578E8C8009D5DD9 /* Products */;
			projectDirPath = "";
			projectRoot = "";
			targets = (
				FD8D85502578E8C8009D5DD9 /* CodeScannerExample */,
			);
		};
/* End PBXProject section */

/* Begin PBXResourcesBuildPhase section */
		FD8D854F2578E8C8009D5DD9 /* Resources */ = {
			isa = PBXResourcesBuildPhase;
			buildActionMask = 2147483647;
			files = (
				FD8D85612578E8CB009D5DD9 /* LaunchScreen.storyboard in Resources */,
				FD8D855E2578E8CB009D5DD9 /* Assets.xcassets in Resources */,
				FD8D855C2578E8C8009D5DD9 /* Main.storyboard in Resources */,
			);
			runOnlyForDeploymentPostprocessing = 0;
		};
/* End PBXResourcesBuildPhase section */

/* Begin PBXSourcesBuildPhase section */
		FD8D854D2578E8C8009D5DD9 /* Sources */ = {
			isa = PBXSourcesBuildPhase;
			buildActionMask = 2147483647;
			files = (
				FD8D85592578E8C8009D5DD9 /* ViewController.swift in Sources */,
				FD8D85552578E8C8009D5DD9 /* AppDelegate.swift in Sources */,
				FD8D856A2578E90E009D5DD9 /* CodeScannerViewController.swift in Sources */,
			);
			runOnlyForDeploymentPostprocessing = 0;
		};
/* End PBXSourcesBuildPhase section */

/* Begin PBXVariantGroup section */
		FD8D855A2578E8C8009D5DD9 /* Main.storyboard */ = {
			isa = PBXVariantGroup;
			children = (
				FD8D855B2578E8C8009D5DD9 /* Base */,
			);
			name = Main.storyboard;
			sourceTree = "<group>";
		};
		FD8D855F2578E8CB009D5DD9 /* LaunchScreen.storyboard */ = {
			isa = PBXVariantGroup;
			children = (
				FD8D85602578E8CB009D5DD9 /* Base */,
			);
			name = LaunchScreen.storyboard;
			sourceTree = "<group>";
		};
/* End PBXVariantGroup section */

/* Begin XCBuildConfiguration section */
		FD8D85632578E8CB009D5DD9 /* Debug */ = {
			isa = XCBuildConfiguration;
			buildSettings = {
				ALWAYS_SEARCH_USER_PATHS = NO;
				CLANG_ANALYZER_NONNULL = YES;
				CLANG_ANALYZER_NUMBER_OBJECT_CONVERSION = YES_AGGRESSIVE;
				CLANG_CXX_LANGUAGE_STANDARD = "gnu++14";
				CLANG_CXX_LIBRARY = "libc++";
				CLANG_ENABLE_MODULES = YES;
				CLANG_ENABLE_OBJC_ARC = YES;
				CLANG_ENABLE_OBJC_WEAK = YES;
				CLANG_WARN_BLOCK_CAPTURE_AUTORELEASING = YES;
				CLANG_WARN_BOOL_CONVERSION = YES;
				CLANG_WARN_COMMA = YES;
				CLANG_WARN_CONSTANT_CONVERSION = YES;
				CLANG_WARN_DEPRECATED_OBJC_IMPLEMENTATIONS = YES;
				CLANG_WARN_DIRECT_OBJC_ISA_USAGE = YES_ERROR;
				CLANG_WARN_DOCUMENTATION_COMMENTS = YES;
				CLANG_WARN_EMPTY_BODY = YES;
				CLANG_WARN_ENUM_CONVERSION = YES;
				CLANG_WARN_INFINITE_RECURSION = YES;
				CLANG_WARN_INT_CONVERSION = YES;
				CLANG_WARN_NON_LITERAL_NULL_CONVERSION = YES;
				CLANG_WARN_OBJC_IMPLICIT_RETAIN_SELF = YES;
				CLANG_WARN_OBJC_LITERAL_CONVERSION = YES;
				CLANG_WARN_OBJC_ROOT_CLASS = YES_ERROR;
				CLANG_WARN_RANGE_LOOP_ANALYSIS = YES;
				CLANG_WARN_STRICT_PROTOTYPES = YES;
				CLANG_WARN_SUSPICIOUS_MOVE = YES;
				CLANG_WARN_UNGUARDED_AVAILABILITY = YES_AGGRESSIVE;
				CLANG_WARN_UNREACHABLE_CODE = YES;
				CLANG_WARN__DUPLICATE_METHOD_MATCH = YES;
				COPY_PHASE_STRIP = NO;
				DEBUG_INFORMATION_FORMAT = dwarf;
				ENABLE_STRICT_OBJC_MSGSEND = YES;
				ENABLE_TESTABILITY = YES;
				GCC_C_LANGUAGE_STANDARD = gnu11;
				GCC_DYNAMIC_NO_PIC = NO;
				GCC_NO_COMMON_BLOCKS = YES;
				GCC_OPTIMIZATION_LEVEL = 0;
				GCC_PREPROCESSOR_DEFINITIONS = (
					"DEBUG=1",
					"$(inherited)",
				);
				GCC_WARN_64_TO_32_BIT_CONVERSION = YES;
				GCC_WARN_ABOUT_RETURN_TYPE = YES_ERROR;
				GCC_WARN_UNDECLARED_SELECTOR = YES;
				GCC_WARN_UNINITIALIZED_AUTOS = YES_AGGRESSIVE;
				GCC_WARN_UNUSED_FUNCTION = YES;
				GCC_WARN_UNUSED_VARIABLE = YES;
				IPHONEOS_DEPLOYMENT_TARGET = 13.5;
				MTL_ENABLE_DEBUG_INFO = INCLUDE_SOURCE;
				MTL_FAST_MATH = YES;
				ONLY_ACTIVE_ARCH = YES;
				SDKROOT = iphoneos;
				SWIFT_ACTIVE_COMPILATION_CONDITIONS = DEBUG;
				SWIFT_OPTIMIZATION_LEVEL = "-Onone";
			};
			name = Debug;
		};
		FD8D85642578E8CB009D5DD9 /* Release */ = {
			isa = XCBuildConfiguration;
			buildSettings = {
				ALWAYS_SEARCH_USER_PATHS = NO;
				CLANG_ANALYZER_NONNULL = YES;
				CLANG_ANALYZER_NUMBER_OBJECT_CONVERSION = YES_AGGRESSIVE;
				CLANG_CXX_LANGUAGE_STANDARD = "gnu++14";
				CLANG_CXX_LIBRARY = "libc++";
				CLANG_ENABLE_MODULES = YES;
				CLANG_ENABLE_OBJC_ARC = YES;
				CLANG_ENABLE_OBJC_WEAK = YES;
				CLANG_WARN_BLOCK_CAPTURE_AUTORELEASING = YES;
				CLANG_WARN_BOOL_CONVERSION = YES;
				CLANG_WARN_COMMA = YES;
				CLANG_WARN_CONSTANT_CONVERSION = YES;
				CLANG_WARN_DEPRECATED_OBJC_IMPLEMENTATIONS = YES;
				CLANG_WARN_DIRECT_OBJC_ISA_USAGE = YES_ERROR;
				CLANG_WARN_DOCUMENTATION_COMMENTS = YES;
				CLANG_WARN_EMPTY_BODY = YES;
				CLANG_WARN_ENUM_CONVERSION = YES;
				CLANG_WARN_INFINITE_RECURSION = YES;
				CLANG_WARN_INT_CONVERSION = YES;
				CLANG_WARN_NON_LITERAL_NULL_CONVERSION = YES;
				CLANG_WARN_OBJC_IMPLICIT_RETAIN_SELF = YES;
				CLANG_WARN_OBJC_LITERAL_CONVERSION = YES;
				CLANG_WARN_OBJC_ROOT_CLASS = YES_ERROR;
				CLANG_WARN_RANGE_LOOP_ANALYSIS = YES;
				CLANG_WARN_STRICT_PROTOTYPES = YES;
				CLANG_WARN_SUSPICIOUS_MOVE = YES;
				CLANG_WARN_UNGUARDED_AVAILABILITY = YES_AGGRESSIVE;
				CLANG_WARN_UNREACHABLE_CODE = YES;
				CLANG_WARN__DUPLICATE_METHOD_MATCH = YES;
				COPY_PHASE_STRIP = NO;
				DEBUG_INFORMATION_FORMAT = "dwarf-with-dsym";
				ENABLE_NS_ASSERTIONS = NO;
				ENABLE_STRICT_OBJC_MSGSEND = YES;
				GCC_C_LANGUAGE_STANDARD = gnu11;
				GCC_NO_COMMON_BLOCKS = YES;
				GCC_WARN_64_TO_32_BIT_CONVERSION = YES;
				GCC_WARN_ABOUT_RETURN_TYPE = YES_ERROR;
				GCC_WARN_UNDECLARED_SELECTOR = YES;
				GCC_WARN_UNINITIALIZED_AUTOS = YES_AGGRESSIVE;
				GCC_WARN_UNUSED_FUNCTION = YES;
				GCC_WARN_UNUSED_VARIABLE = YES;
				IPHONEOS_DEPLOYMENT_TARGET = 13.5;
				MTL_ENABLE_DEBUG_INFO = NO;
				MTL_FAST_MATH = YES;
				SDKROOT = iphoneos;
				SWIFT_COMPILATION_MODE = wholemodule;
				SWIFT_OPTIMIZATION_LEVEL = "-O";
				VALIDATE_PRODUCT = YES;
			};
			name = Release;
		};
		FD8D85662578E8CB009D5DD9 /* Debug */ = {
			isa = XCBuildConfiguration;
			buildSettings = {
				ASSETCATALOG_COMPILER_APPICON_NAME = AppIcon;
				CODE_SIGN_STYLE = Automatic;
				DEVELOPMENT_TEAM = 4LPM7QKY6W;
				INFOPLIST_FILE = CodeScannerExample/Info.plist;
				IPHONEOS_DEPLOYMENT_TARGET = 11.0;
				LD_RUNPATH_SEARCH_PATHS = (
					"$(inherited)",
					"@executable_path/Frameworks",
				);
				PRODUCT_BUNDLE_IDENTIFIER = ru.frgroup.CodeScannerExample;
				PRODUCT_NAME = "$(TARGET_NAME)";
				SWIFT_VERSION = 5.0;
				TARGETED_DEVICE_FAMILY = "1,2";
			};
			name = Debug;
		};
		FD8D85672578E8CB009D5DD9 /* Release */ = {
			isa = XCBuildConfiguration;
			buildSettings = {
				ASSETCATALOG_COMPILER_APPICON_NAME = AppIcon;
				CODE_SIGN_STYLE = Automatic;
				DEVELOPMENT_TEAM = 4LPM7QKY6W;
				INFOPLIST_FILE = CodeScannerExample/Info.plist;
				IPHONEOS_DEPLOYMENT_TARGET = 11.0;
				LD_RUNPATH_SEARCH_PATHS = (
					"$(inherited)",
					"@executable_path/Frameworks",
				);
				PRODUCT_BUNDLE_IDENTIFIER = ru.frgroup.CodeScannerExample;
				PRODUCT_NAME = "$(TARGET_NAME)";
				SWIFT_VERSION = 5.0;
				TARGETED_DEVICE_FAMILY = "1,2";
			};
			name = Release;
		};
/* End XCBuildConfiguration section */

/* Begin XCConfigurationList section */
		FD8D854C2578E8C8009D5DD9 /* Build configuration list for PBXProject "CodeScannerExample" */ = {
			isa = XCConfigurationList;
			buildConfigurations = (
				FD8D85632578E8CB009D5DD9 /* Debug */,
				FD8D85642578E8CB009D5DD9 /* Release */,
			);
			defaultConfigurationIsVisible = 0;
			defaultConfigurationName = Release;
		};
		FD8D85652578E8CB009D5DD9 /* Build configuration list for PBXNativeTarget "CodeScannerExample" */ = {
			isa = XCConfigurationList;
			buildConfigurations = (
				FD8D85662578E8CB009D5DD9 /* Debug */,
				FD8D85672578E8CB009D5DD9 /* Release */,
			);
			defaultConfigurationIsVisible = 0;
			defaultConfigurationName = Release;
		};
/* End XCConfigurationList section */
	};
	rootObject = FD8D85492578E8C8009D5DD9 /* Project object */;
}
